<?xml version="1.0" encoding="utf-8"?>
<Project ToolsVersion="17.0" xmlns="http://schemas.microsoft.com/developer/msbuild/2003">
  <ItemGroup>
    <ClCompile Include="C:\Users\hgcom\OneDrive\Astroray\Astroray_repo\Astroray\src\main.cpp">
      <Filter>Source Files</Filter>
    </ClCompile>
  </ItemGroup>
  <ItemGroup>
    <ClInclude Include="C:\Users\hgcom\OneDrive\Astroray\Astroray_repo\Astroray\include\advanced_features.h">
      <Filter>Header Files</Filter>
    </ClInclude>
    <ClInclude Include="C:\Users\hgcom\OneDrive\Astroray\Astroray_repo\Astroray\include\blender_integration.h">
      <Filter>Header Files</Filter>
    </ClInclude>
    <ClInclude Include="C:\Users\hgcom\OneDrive\Astroray\Astroray_repo\Astroray\include\raytracer.h">
      <Filter>Header Files</Filter>
    </ClInclude>
    <ClInclude Include="C:\Users\hgcom\OneDrive\Astroray\Astroray_repo\Astroray\include\stb_image_write.h">
      <Filter>Header Files</Filter>
    </ClInclude>
  </ItemGroup>
  <ItemGroup>
    <CustomBuild Include="C:\Users\hgcom\OneDrive\Astroray\Astroray_repo\Astroray\CMakeLists.txt" />
  </ItemGroup>
  <ItemGroup>
    <None Include="C:\Users\hgcom\OneDrive\Astroray\Astroray_repo\Astroray\include\stb_image_write_impl.c">
      <Filter>Source Files</Filter>
    </None>
  </ItemGroup>
  <ItemGroup>
    <Filter Include="Header Files">
      <UniqueIdentifier>{5C964DAA-BD4C-3EB4-AAB0-8555FB3F5F02}</UniqueIdentifier>
    </Filter>
    <Filter Include="Source Files">
      <UniqueIdentifier>{0B72856D-0214-3998-8937-5B41E339656E}</UniqueIdentifier>
    </Filter>
  </ItemGroup>
</Project>
